<?xml version="1.0" encoding="UTF-8" standalone="yes" ?>
<CodeBlocks_project_file>
	<FileVersion major="1" minor="6" />
	<Project>
		<Option title="mpidbuff" />
		<Option pch_mode="2" />
		<Option compiler="gcc" />
		<Build>
			<Target title="test_window">
				<Option output="bin/test/test_window" prefix_auto="1" extension_auto="1" />
				<Option object_output="obj/test" />
				<Option type="1" />
				<Option compiler="gcc" />
				<Option use_console_runner="0" />
			</Target>
			<Target title="test_mpi_workaround">
				<Option output="bin/test/test_mpi_workaround" prefix_auto="1" extension_auto="1" />
				<Option object_output="obj/test" />
				<Option type="1" />
				<Option compiler="gcc" />
				<Option use_console_runner="0" />
			</Target>
			<Target title="test_master_slave">
				<Option output="bin/test/test_master_slave" prefix_auto="1" extension_auto="1" />
				<Option object_output="obj/test" />
				<Option type="1" />
				<Option compiler="gcc" />
				<Option use_console_runner="0" />
			</Target>
			<Target title="test_fusion">
				<Option output="bin/test/test_fusion" prefix_auto="1" extension_auto="1" />
				<Option object_output="obj/test" />
				<Option type="1" />
				<Option compiler="gcc" />
			</Target>
			<Target title="test_functor_serialize">
				<Option output="bin/test/test_functor_serialize" prefix_auto="1" extension_auto="1" />
				<Option object_output="obj/test" />
				<Option type="1" />
				<Option compiler="gcc" />
			</Target>
			<Target title="test_mpl">
				<Option output="bin/test/test_mpl" prefix_auto="1" extension_auto="1" />
				<Option object_output="obj/test" />
				<Option type="1" />
				<Option compiler="gcc" />
			</Target>
			<Target title="test_iterator">
				<Option output="bin/test/test_iterator" prefix_auto="1" extension_auto="1" />
				<Option object_output="obj/test" />
				<Option type="1" />
				<Option compiler="gcc" />
			</Target>
		</Build>
		<Compiler>
			<Add option="-Wall" />
			<Add directory="/usr/include/mpi/" />
			<Add directory="/home/schaetz/Desktop/mpidbuff/" />
		</Compiler>
		<Linker>
			<Add library="libboost_mpi" />
			<Add directory="/usr/local/lib" />
		</Linker>
		<Unit filename="README">
			<Option target="&lt;{~None~}&gt;" />
		</Unit>
		<Unit filename="dev/func1.cpp">
			<Option target="test_iterator" />
		</Unit>
		<Unit filename="dev/func1.hpp">
			<Option target="test_iterator" />
		</Unit>
		<Unit filename="dev/func2.cpp">
			<Option target="test_iterator" />
		</Unit>
		<Unit filename="dev/func2.hpp">
			<Option target="test_iterator" />
		</Unit>
		<Unit filename="dev/iterator.hpp">
			<Option target="test_iterator" />
		</Unit>
		<Unit filename="dev/iterator_launchers.hpp">
			<Option target="test_iterator" />
		</Unit>
		<Unit filename="dev/main.cpp">
			<Option target="test_iterator" />
		</Unit>
		<Unit filename="dev/master.hpp">
			<Option target="test_iterator" />
		</Unit>
		<Unit filename="dev/masterslave.hpp">
			<Option target="test_iterator" />
		</Unit>
		<Unit filename="dev/slave.hpp">
			<Option target="test_iterator" />
		</Unit>
		<Unit filename="ext/fusion/serialization/include.hpp" />
		<Unit filename="ext/fusion/serialization/load.hpp" />
		<Unit filename="ext/fusion/serialization/loader.hpp" />
		<Unit filename="ext/fusion/serialization/map.hpp" />
		<Unit filename="ext/fusion/serialization/save.hpp" />
		<Unit filename="ext/fusion/serialization/saver.hpp" />
		<Unit filename="ext/fusion/serialization/vector.hpp" />
		<Unit filename="lib/mpi_workaround.hpp" />
		<Unit filename="lib/window.hpp" />
		<Unit filename="src/window.cpp" />
		<Unit filename="test/functor_serialize.cpp">
			<Option target="test_functor_serialize" />
		</Unit>
		<Unit filename="test/fusion.cpp">
			<Option target="test_fusion" />
		</Unit>
		<Unit filename="test/master_slave.cpp">
			<Option target="test_master_slave" />
		</Unit>
		<Unit filename="test/mpi_workaround.cpp">
			<Option target="test_mpi_workaround" />
		</Unit>
		<Unit filename="test/mpl.cpp">
			<Option target="test_mpl" />
		</Unit>
		<Unit filename="test/window.cpp">
			<Option target="&lt;{~None~}&gt;" />
		</Unit>
		<Extensions>
			<code_completion />
			<envvars />
			<lib_finder disable_auto="1" />
			<debugger />
		</Extensions>
	</Project>
</CodeBlocks_project_file>
